// !$*UTF8*$!
{
	archiveVersion = 1;
	classes = {
	};
	objectVersion = 55;
	objects = {

/* Begin PBXBuildFile section */
		D8845D08286ED28300A2565D /* AppDelegate.swift in Sources */ = {isa = PBXBuildFile; fileRef = D8845D07286ED28300A2565D /* AppDelegate.swift */; };
		D8845D0A286ED28300A2565D /* SceneDelegate.swift in Sources */ = {isa = PBXBuildFile; fileRef = D8845D09286ED28300A2565D /* SceneDelegate.swift */; };
		D8845D0C286ED28300A2565D /* TabBarController.swift in Sources */ = {isa = PBXBuildFile; fileRef = D8845D0B286ED28300A2565D /* TabBarController.swift */; };
		D8845D11286ED28700A2565D /* Assets.xcassets in Resources */ = {isa = PBXBuildFile; fileRef = D8845D10286ED28700A2565D /* Assets.xcassets */; };
		D8845D14286ED28700A2565D /* LaunchScreen.storyboard in Resources */ = {isa = PBXBuildFile; fileRef = D8845D12286ED28700A2565D /* LaunchScreen.storyboard */; };
		D8845D1D286ED3DB00A2565D /* SnapKit in Frameworks */ = {isa = PBXBuildFile; productRef = D8845D1C286ED3DB00A2565D /* SnapKit */; };
		D8845D20286ED3EB00A2565D /* Kingfisher in Frameworks */ = {isa = PBXBuildFile; productRef = D8845D1F286ED3EB00A2565D /* Kingfisher */; };
		D8845D24286ED69900A2565D /* TodayViewController.swift in Sources */ = {isa = PBXBuildFile; fileRef = D8845D23286ED69900A2565D /* TodayViewController.swift */; };
		D8845D26286EE06800A2565D /* TodayCollectionViewCell.swift in Sources */ = {isa = PBXBuildFile; fileRef = D8845D25286EE06800A2565D /* TodayCollectionViewCell.swift */; };
		D8845D28286EE9FD00A2565D /* TodayCollectionViewHeaderView.swift in Sources */ = {isa = PBXBuildFile; fileRef = D8845D27286EE9FD00A2565D /* TodayCollectionViewHeaderView.swift */; };
		D8845D2A286EF1C300A2565D /* AppViewController.swift in Sources */ = {isa = PBXBuildFile; fileRef = D8845D29286EF1C300A2565D /* AppViewController.swift */; };
		D8845D2D286EF70000A2565D /* FeatureSectionView.swift in Sources */ = {isa = PBXBuildFile; fileRef = D8845D2C286EF70000A2565D /* FeatureSectionView.swift */; };
		D8845D2F28727AE800A2565D /* FeatureSectionCollectionViewCell.swift in Sources */ = {isa = PBXBuildFile; fileRef = D8845D2E28727AE800A2565D /* FeatureSectionCollectionViewCell.swift */; };
		D8845D31287283A100A2565D /* SeparatorView.swift in Sources */ = {isa = PBXBuildFile; fileRef = D8845D30287283A100A2565D /* SeparatorView.swift */; };
		D8845D33287286AD00A2565D /* RankingFeatureSectionView.swift in Sources */ = {isa = PBXBuildFile; fileRef = D8845D32287286AD00A2565D /* RankingFeatureSectionView.swift */; };
		D8845D352872881A00A2565D /* RankingFeatureCollectionViewCell.swift in Sources */ = {isa = PBXBuildFile; fileRef = D8845D342872881A00A2565D /* RankingFeatureCollectionViewCell.swift */; };
		D8845D372872A7EC00A2565D /* ExchangeCodeButtonView.swift in Sources */ = {isa = PBXBuildFile; fileRef = D8845D362872A7EC00A2565D /* ExchangeCodeButtonView.swift */; };
		D8845D392872AB3A00A2565D /* AppDetailViewController.swift in Sources */ = {isa = PBXBuildFile; fileRef = D8845D382872AB3A00A2565D /* AppDetailViewController.swift */; };
		D8845D3D2872B50600A2565D /* Today.plist in Resources */ = {isa = PBXBuildFile; fileRef = D8845D3A2872B50600A2565D /* Today.plist */; };
		D8845D3E2872B50600A2565D /* Feature.plist in Resources */ = {isa = PBXBuildFile; fileRef = D8845D3B2872B50600A2565D /* Feature.plist */; };
		D8845D3F2872B50600A2565D /* RankingFeature.plist in Resources */ = {isa = PBXBuildFile; fileRef = D8845D3C2872B50600A2565D /* RankingFeature.plist */; };
		D8845D422872B61D00A2565D /* Today.swift in Sources */ = {isa = PBXBuildFile; fileRef = D8845D412872B61D00A2565D /* Today.swift */; };
		D8845D442872B68A00A2565D /* Feature.swift in Sources */ = {isa = PBXBuildFile; fileRef = D8845D432872B68A00A2565D /* Feature.swift */; };
		D8845D462872B6E000A2565D /* RankingFeature.swift in Sources */ = {isa = PBXBuildFile; fileRef = D8845D452872B6E000A2565D /* RankingFeature.swift */; };
/* End PBXBuildFile section */

/* Begin PBXFileReference section */
		D8845D04286ED28300A2565D /* AppStore.app */ = {isa = PBXFileReference; explicitFileType = wrapper.application; includeInIndex = 0; path = AppStore.app; sourceTree = BUILT_PRODUCTS_DIR; };
		D8845D07286ED28300A2565D /* AppDelegate.swift */ = {isa = PBXFileReference; lastKnownFileType = sourcecode.swift; path = AppDelegate.swift; sourceTree = "<group>"; };
		D8845D09286ED28300A2565D /* SceneDelegate.swift */ = {isa = PBXFileReference; lastKnownFileType = sourcecode.swift; path = SceneDelegate.swift; sourceTree = "<group>"; };
		D8845D0B286ED28300A2565D /* TabBarController.swift */ = {isa = PBXFileReference; lastKnownFileType = sourcecode.swift; path = TabBarController.swift; sourceTree = "<group>"; };
		D8845D10286ED28700A2565D /* Assets.xcassets */ = {isa = PBXFileReference; lastKnownFileType = folder.assetcatalog; path = Assets.xcassets; sourceTree = "<group>"; };
		D8845D13286ED28700A2565D /* Base */ = {isa = PBXFileReference; lastKnownFileType = file.storyboard; name = Base; path = Base.lproj/LaunchScreen.storyboard; sourceTree = "<group>"; };
		D8845D15286ED28700A2565D /* Info.plist */ = {isa = PBXFileReference; lastKnownFileType = text.plist.xml; path = Info.plist; sourceTree = "<group>"; };
		D8845D23286ED69900A2565D /* TodayViewController.swift */ = {isa = PBXFileReference; lastKnownFileType = sourcecode.swift; path = TodayViewController.swift; sourceTree = "<group>"; };
		D8845D25286EE06800A2565D /* TodayCollectionViewCell.swift */ = {isa = PBXFileReference; lastKnownFileType = sourcecode.swift; path = TodayCollectionViewCell.swift; sourceTree = "<group>"; };
		D8845D27286EE9FD00A2565D /* TodayCollectionViewHeaderView.swift */ = {isa = PBXFileReference; lastKnownFileType = sourcecode.swift; path = TodayCollectionViewHeaderView.swift; sourceTree = "<group>"; };
		D8845D29286EF1C300A2565D /* AppViewController.swift */ = {isa = PBXFileReference; lastKnownFileType = sourcecode.swift; path = AppViewController.swift; sourceTree = "<group>"; };
		D8845D2C286EF70000A2565D /* FeatureSectionView.swift */ = {isa = PBXFileReference; lastKnownFileType = sourcecode.swift; path = FeatureSectionView.swift; sourceTree = "<group>"; };
		D8845D2E28727AE800A2565D /* FeatureSectionCollectionViewCell.swift */ = {isa = PBXFileReference; lastKnownFileType = sourcecode.swift; path = FeatureSectionCollectionViewCell.swift; sourceTree = "<group>"; };
		D8845D30287283A100A2565D /* SeparatorView.swift */ = {isa = PBXFileReference; lastKnownFileType = sourcecode.swift; path = SeparatorView.swift; sourceTree = "<group>"; };
		D8845D32287286AD00A2565D /* RankingFeatureSectionView.swift */ = {isa = PBXFileReference; lastKnownFileType = sourcecode.swift; path = RankingFeatureSectionView.swift; sourceTree = "<group>"; };
		D8845D342872881A00A2565D /* RankingFeatureCollectionViewCell.swift */ = {isa = PBXFileReference; lastKnownFileType = sourcecode.swift; path = RankingFeatureCollectionViewCell.swift; sourceTree = "<group>"; };
		D8845D362872A7EC00A2565D /* ExchangeCodeButtonView.swift */ = {isa = PBXFileReference; lastKnownFileType = sourcecode.swift; path = ExchangeCodeButtonView.swift; sourceTree = "<group>"; };
		D8845D382872AB3A00A2565D /* AppDetailViewController.swift */ = {isa = PBXFileReference; lastKnownFileType = sourcecode.swift; path = AppDetailViewController.swift; sourceTree = "<group>"; };
		D8845D3A2872B50600A2565D /* Today.plist */ = {isa = PBXFileReference; fileEncoding = 4; lastKnownFileType = text.plist.xml; path = Today.plist; sourceTree = "<group>"; };
		D8845D3B2872B50600A2565D /* Feature.plist */ = {isa = PBXFileReference; fileEncoding = 4; lastKnownFileType = text.plist.xml; path = Feature.plist; sourceTree = "<group>"; };
		D8845D3C2872B50600A2565D /* RankingFeature.plist */ = {isa = PBXFileReference; fileEncoding = 4; lastKnownFileType = text.plist.xml; path = RankingFeature.plist; sourceTree = "<group>"; };
		D8845D412872B61D00A2565D /* Today.swift */ = {isa = PBXFileReference; lastKnownFileType = sourcecode.swift; path = Today.swift; sourceTree = "<group>"; };
		D8845D432872B68A00A2565D /* Feature.swift */ = {isa = PBXFileReference; lastKnownFileType = sourcecode.swift; path = Feature.swift; sourceTree = "<group>"; };
		D8845D452872B6E000A2565D /* RankingFeature.swift */ = {isa = PBXFileReference; lastKnownFileType = sourcecode.swift; path = RankingFeature.swift; sourceTree = "<group>"; };
/* End PBXFileReference section */

/* Begin PBXFrameworksBuildPhase section */
		D8845D01286ED28300A2565D /* Frameworks */ = {
			isa = PBXFrameworksBuildPhase;
			buildActionMask = 2147483647;
			files = (
				D8845D20286ED3EB00A2565D /* Kingfisher in Frameworks */,
				D8845D1D286ED3DB00A2565D /* SnapKit in Frameworks */,
			);
			runOnlyForDeploymentPostprocessing = 0;
		};
/* End PBXFrameworksBuildPhase section */

/* Begin PBXGroup section */
		D8845CFB286ED28300A2565D = {
			isa = PBXGroup;
			children = (
				D8845D06286ED28300A2565D /* AppStore */,
				D8845D05286ED28300A2565D /* Products */,
			);
			sourceTree = "<group>";
		};
		D8845D05286ED28300A2565D /* Products */ = {
			isa = PBXGroup;
			children = (
				D8845D04286ED28300A2565D /* AppStore.app */,
			);
			name = Products;
			sourceTree = "<group>";
		};
		D8845D06286ED28300A2565D /* AppStore */ = {
			isa = PBXGroup;
			children = (
				D8845D07286ED28300A2565D /* AppDelegate.swift */,
				D8845D09286ED28300A2565D /* SceneDelegate.swift */,
				D8845D472872D9A600A2565D /* Model */,
				D8845D402872B51000A2565D /* Data */,
				D8845D21286ED66C00A2565D /* Scenes */,
				D8845D10286ED28700A2565D /* Assets.xcassets */,
				D8845D12286ED28700A2565D /* LaunchScreen.storyboard */,
				D8845D15286ED28700A2565D /* Info.plist */,
			);
			path = AppStore;
			sourceTree = "<group>";
		};
		D8845D21286ED66C00A2565D /* Scenes */ = {
			isa = PBXGroup;
			children = (
				D8845D2B286EF1C800A2565D /* App */,
				D8845D22286ED68200A2565D /* Today */,
				D8845D0B286ED28300A2565D /* TabBarController.swift */,
				D8845D382872AB3A00A2565D /* AppDetailViewController.swift */,
			);
			path = Scenes;
			sourceTree = "<group>";
		};
		D8845D22286ED68200A2565D /* Today */ = {
			isa = PBXGroup;
			children = (
				D8845D23286ED69900A2565D /* TodayViewController.swift */,
				D8845D25286EE06800A2565D /* TodayCollectionViewCell.swift */,
				D8845D27286EE9FD00A2565D /* TodayCollectionViewHeaderView.swift */,
			);
			path = Today;
			sourceTree = "<group>";
		};
		D8845D2B286EF1C800A2565D /* App */ = {
			isa = PBXGroup;
			children = (
				D8845D29286EF1C300A2565D /* AppViewController.swift */,
				D8845D2C286EF70000A2565D /* FeatureSectionView.swift */,
				D8845D2E28727AE800A2565D /* FeatureSectionCollectionViewCell.swift */,
				D8845D30287283A100A2565D /* SeparatorView.swift */,
				D8845D32287286AD00A2565D /* RankingFeatureSectionView.swift */,
				D8845D342872881A00A2565D /* RankingFeatureCollectionViewCell.swift */,
				D8845D362872A7EC00A2565D /* ExchangeCodeButtonView.swift */,
			);
			path = App;
			sourceTree = "<group>";
		};
		D8845D402872B51000A2565D /* Data */ = {
			isa = PBXGroup;
			children = (
				D8845D3B2872B50600A2565D /* Feature.plist */,
				D8845D3C2872B50600A2565D /* RankingFeature.plist */,
				D8845D3A2872B50600A2565D /* Today.plist */,
			);
			path = Data;
			sourceTree = "<group>";
		};
		D8845D472872D9A600A2565D /* Model */ = {
			isa = PBXGroup;
			children = (
				D8845D412872B61D00A2565D /* Today.swift */,
				D8845D432872B68A00A2565D /* Feature.swift */,
				D8845D452872B6E000A2565D /* RankingFeature.swift */,
			);
			path = Model;
			sourceTree = "<group>";
		};
/* End PBXGroup section */

/* Begin PBXNativeTarget section */
		D8845D03286ED28300A2565D /* AppStore */ = {
			isa = PBXNativeTarget;
			buildConfigurationList = D8845D18286ED28700A2565D /* Build configuration list for PBXNativeTarget "AppStore" */;
			buildPhases = (
				D8845D00286ED28300A2565D /* Sources */,
				D8845D01286ED28300A2565D /* Frameworks */,
				D8845D02286ED28300A2565D /* Resources */,
			);
			buildRules = (
			);
			dependencies = (
			);
			name = AppStore;
			packageProductDependencies = (
				D8845D1C286ED3DB00A2565D /* SnapKit */,
				D8845D1F286ED3EB00A2565D /* Kingfisher */,
			);
			productName = AppStore;
			productReference = D8845D04286ED28300A2565D /* AppStore.app */;
			productType = "com.apple.product-type.application";
		};
/* End PBXNativeTarget section */

/* Begin PBXProject section */
		D8845CFC286ED28300A2565D /* Project object */ = {
			isa = PBXProject;
			attributes = {
				BuildIndependentTargetsInParallel = 1;
				LastSwiftUpdateCheck = 1330;
				LastUpgradeCheck = 1330;
				TargetAttributes = {
					D8845D03286ED28300A2565D = {
						CreatedOnToolsVersion = 13.3.1;
					};
				};
			};
			buildConfigurationList = D8845CFF286ED28300A2565D /* Build configuration list for PBXProject "AppStore" */;
			compatibilityVersion = "Xcode 13.0";
			developmentRegion = en;
			hasScannedForEncodings = 0;
			knownRegions = (
				en,
				Base,
			);
			mainGroup = D8845CFB286ED28300A2565D;
			packageReferences = (
				D8845D1B286ED3DB00A2565D /* XCRemoteSwiftPackageReference "SnapKit" */,
				D8845D1E286ED3EB00A2565D /* XCRemoteSwiftPackageReference "Kingfisher" */,
			);
			productRefGroup = D8845D05286ED28300A2565D /* Products */;
			projectDirPath = "";
			projectRoot = "";
			targets = (
				D8845D03286ED28300A2565D /* AppStore */,
			);
		};
/* End PBXProject section */

/* Begin PBXResourcesBuildPhase section */
		D8845D02286ED28300A2565D /* Resources */ = {
			isa = PBXResourcesBuildPhase;
			buildActionMask = 2147483647;
			files = (
				D8845D14286ED28700A2565D /* LaunchScreen.storyboard in Resources */,
				D8845D3F2872B50600A2565D /* RankingFeature.plist in Resources */,
				D8845D3D2872B50600A2565D /* Today.plist in Resources */,
				D8845D11286ED28700A2565D /* Assets.xcassets in Resources */,
				D8845D3E2872B50600A2565D /* Feature.plist in Resources */,
			);
			runOnlyForDeploymentPostprocessing = 0;
		};
/* End PBXResourcesBuildPhase section */

/* Begin PBXSourcesBuildPhase section */
		D8845D00286ED28300A2565D /* Sources */ = {
			isa = PBXSourcesBuildPhase;
			buildActionMask = 2147483647;
			files = (
				D8845D28286EE9FD00A2565D /* TodayCollectionViewHeaderView.swift in Sources */,
				D8845D422872B61D00A2565D /* Today.swift in Sources */,
				D8845D24286ED69900A2565D /* TodayViewController.swift in Sources */,
				D8845D372872A7EC00A2565D /* ExchangeCodeButtonView.swift in Sources */,
				D8845D462872B6E000A2565D /* RankingFeature.swift in Sources */,
				D8845D442872B68A00A2565D /* Feature.swift in Sources */,
				D8845D31287283A100A2565D /* SeparatorView.swift in Sources */,
				D8845D0C286ED28300A2565D /* TabBarController.swift in Sources */,
				D8845D08286ED28300A2565D /* AppDelegate.swift in Sources */,
				D8845D2F28727AE800A2565D /* FeatureSectionCollectionViewCell.swift in Sources */,
				D8845D2A286EF1C300A2565D /* AppViewController.swift in Sources */,
				D8845D0A286ED28300A2565D /* SceneDelegate.swift in Sources */,
				D8845D26286EE06800A2565D /* TodayCollectionViewCell.swift in Sources */,
				D8845D2D286EF70000A2565D /* FeatureSectionView.swift in Sources */,
				D8845D392872AB3A00A2565D /* AppDetailViewController.swift in Sources */,
				D8845D352872881A00A2565D /* RankingFeatureCollectionViewCell.swift in Sources */,
				D8845D33287286AD00A2565D /* RankingFeatureSectionView.swift in Sources */,
			);
			runOnlyForDeploymentPostprocessing = 0;
		};
/* End PBXSourcesBuildPhase section */

/* Begin PBXVariantGroup section */
		D8845D12286ED28700A2565D /* LaunchScreen.storyboard */ = {
			isa = PBXVariantGroup;
			children = (
				D8845D13286ED28700A2565D /* Base */,
			);
			name = LaunchScreen.storyboard;
			sourceTree = "<group>";
		};
/* End PBXVariantGroup section */

/* Begin XCBuildConfiguration section */
		D8845D16286ED28700A2565D /* Debug */ = {
			isa = XCBuildConfiguration;
			buildSettings = {
				ALWAYS_SEARCH_USER_PATHS = NO;
				CLANG_ANALYZER_NONNULL = YES;
				CLANG_ANALYZER_NUMBER_OBJECT_CONVERSION = YES_AGGRESSIVE;
				CLANG_CXX_LANGUAGE_STANDARD = "gnu++17";
				CLANG_ENABLE_MODULES = YES;
				CLANG_ENABLE_OBJC_ARC = YES;
				CLANG_ENABLE_OBJC_WEAK = YES;
				CLANG_WARN_BLOCK_CAPTURE_AUTORELEASING = YES;
				CLANG_WARN_BOOL_CONVERSION = YES;
				CLANG_WARN_COMMA = YES;
				CLANG_WARN_CONSTANT_CONVERSION = YES;
				CLANG_WARN_DEPRECATED_OBJC_IMPLEMENTATIONS = YES;
				CLANG_WARN_DIRECT_OBJC_ISA_USAGE = YES_ERROR;
				CLANG_WARN_DOCUMENTATION_COMMENTS = YES;
				CLANG_WARN_EMPTY_BODY = YES;
				CLANG_WARN_ENUM_CONVERSION = YES;
				CLANG_WARN_INFINITE_RECURSION = YES;
				CLANG_WARN_INT_CONVERSION = YES;
				CLANG_WARN_NON_LITERAL_NULL_CONVERSION = YES;
				CLANG_WARN_OBJC_IMPLICIT_RETAIN_SELF = YES;
				CLANG_WARN_OBJC_LITERAL_CONVERSION = YES;
				CLANG_WARN_OBJC_ROOT_CLASS = YES_ERROR;
				CLANG_WARN_QUOTED_INCLUDE_IN_FRAMEWORK_HEADER = YES;
				CLANG_WARN_RANGE_LOOP_ANALYSIS = YES;
				CLANG_WARN_STRICT_PROTOTYPES = YES;
				CLANG_WARN_SUSPICIOUS_MOVE = YES;
				CLANG_WARN_UNGUARDED_AVAILABILITY = YES_AGGRESSIVE;
				CLANG_WARN_UNREACHABLE_CODE = YES;
				CLANG_WARN__DUPLICATE_METHOD_MATCH = YES;
				COPY_PHASE_STRIP = NO;
				DEBUG_INFORMATION_FORMAT = dwarf;
				ENABLE_STRICT_OBJC_MSGSEND = YES;
				ENABLE_TESTABILITY = YES;
				GCC_C_LANGUAGE_STANDARD = gnu11;
				GCC_DYNAMIC_NO_PIC = NO;
				GCC_NO_COMMON_BLOCKS = YES;
				GCC_OPTIMIZATION_LEVEL = 0;
				GCC_PREPROCESSOR_DEFINITIONS = (
					"DEBUG=1",
					"$(inherited)",
				);
				GCC_WARN_64_TO_32_BIT_CONVERSION = YES;
				GCC_WARN_ABOUT_RETURN_TYPE = YES_ERROR;
				GCC_WARN_UNDECLARED_SELECTOR = YES;
				GCC_WARN_UNINITIALIZED_AUTOS = YES_AGGRESSIVE;
				GCC_WARN_UNUSED_FUNCTION = YES;
				GCC_WARN_UNUSED_VARIABLE = YES;
				IPHONEOS_DEPLOYMENT_TARGET = 15.4;
				MTL_ENABLE_DEBUG_INFO = INCLUDE_SOURCE;
				MTL_FAST_MATH = YES;
				ONLY_ACTIVE_ARCH = YES;
				SDKROOT = iphoneos;
				SWIFT_ACTIVE_COMPILATION_CONDITIONS = DEBUG;
				SWIFT_OPTIMIZATION_LEVEL = "-Onone";
			};
			name = Debug;
		};
		D8845D17286ED28700A2565D /* Release */ = {
			isa = XCBuildConfiguration;
			buildSettings = {
				ALWAYS_SEARCH_USER_PATHS = NO;
				CLANG_ANALYZER_NONNULL = YES;
				CLANG_ANALYZER_NUMBER_OBJECT_CONVERSION = YES_AGGRESSIVE;
				CLANG_CXX_LANGUAGE_STANDARD = "gnu++17";
				CLANG_ENABLE_MODULES = YES;
				CLANG_ENABLE_OBJC_ARC = YES;
				CLANG_ENABLE_OBJC_WEAK = YES;
				CLANG_WARN_BLOCK_CAPTURE_AUTORELEASING = YES;
				CLANG_WARN_BOOL_CONVERSION = YES;
				CLANG_WARN_COMMA = YES;
				CLANG_WARN_CONSTANT_CONVERSION = YES;
				CLANG_WARN_DEPRECATED_OBJC_IMPLEMENTATIONS = YES;
				CLANG_WARN_DIRECT_OBJC_ISA_USAGE = YES_ERROR;
				CLANG_WARN_DOCUMENTATION_COMMENTS = YES;
				CLANG_WARN_EMPTY_BODY = YES;
				CLANG_WARN_ENUM_CONVERSION = YES;
				CLANG_WARN_INFINITE_RECURSION = YES;
				CLANG_WARN_INT_CONVERSION = YES;
				CLANG_WARN_NON_LITERAL_NULL_CONVERSION = YES;
				CLANG_WARN_OBJC_IMPLICIT_RETAIN_SELF = YES;
				CLANG_WARN_OBJC_LITERAL_CONVERSION = YES;
				CLANG_WARN_OBJC_ROOT_CLASS = YES_ERROR;
				CLANG_WARN_QUOTED_INCLUDE_IN_FRAMEWORK_HEADER = YES;
				CLANG_WARN_RANGE_LOOP_ANALYSIS = YES;
				CLANG_WARN_STRICT_PROTOTYPES = YES;
				CLANG_WARN_SUSPICIOUS_MOVE = YES;
				CLANG_WARN_UNGUARDED_AVAILABILITY = YES_AGGRESSIVE;
				CLANG_WARN_UNREACHABLE_CODE = YES;
				CLANG_WARN__DUPLICATE_METHOD_MATCH = YES;
				COPY_PHASE_STRIP = NO;
				DEBUG_INFORMATION_FORMAT = "dwarf-with-dsym";
				ENABLE_NS_ASSERTIONS = NO;
				ENABLE_STRICT_OBJC_MSGSEND = YES;
				GCC_C_LANGUAGE_STANDARD = gnu11;
				GCC_NO_COMMON_BLOCKS = YES;
				GCC_WARN_64_TO_32_BIT_CONVERSION = YES;
				GCC_WARN_ABOUT_RETURN_TYPE = YES_ERROR;
				GCC_WARN_UNDECLARED_SELECTOR = YES;
				GCC_WARN_UNINITIALIZED_AUTOS = YES_AGGRESSIVE;
				GCC_WARN_UNUSED_FUNCTION = YES;
				GCC_WARN_UNUSED_VARIABLE = YES;
				IPHONEOS_DEPLOYMENT_TARGET = 15.4;
				MTL_ENABLE_DEBUG_INFO = NO;
				MTL_FAST_MATH = YES;
				SDKROOT = iphoneos;
				SWIFT_COMPILATION_MODE = wholemodule;
				SWIFT_OPTIMIZATION_LEVEL = "-O";
				VALIDATE_PRODUCT = YES;
			};
			name = Release;
		};
		D8845D19286ED28700A2565D /* Debug */ = {
			isa = XCBuildConfiguration;
			buildSettings = {
				ASSETCATALOG_COMPILER_APPICON_NAME = AppIcon;
				ASSETCATALOG_COMPILER_GLOBAL_ACCENT_COLOR_NAME = AccentColor;
				CODE_SIGN_STYLE = Automatic;
				CURRENT_PROJECT_VERSION = 1;
				DEVELOPMENT_TEAM = UBA9LZ8GVL;
				GENERATE_INFOPLIST_FILE = YES;
				INFOPLIST_FILE = AppStore/Info.plist;
				INFOPLIST_KEY_UIApplicationSupportsIndirectInputEvents = YES;
				INFOPLIST_KEY_UILaunchStoryboardName = LaunchScreen;
				INFOPLIST_KEY_UISupportedInterfaceOrientations_iPad = "UIInterfaceOrientationPortrait UIInterfaceOrientationPortraitUpsideDown UIInterfaceOrientationLandscapeLeft UIInterfaceOrientationLandscapeRight";
				INFOPLIST_KEY_UISupportedInterfaceOrientations_iPhone = "UIInterfaceOrientationPortrait UIInterfaceOrientationLandscapeLeft UIInterfaceOrientationLandscapeRight";
				IPHONEOS_DEPLOYMENT_TARGET = 13.0;
				LD_RUNPATH_SEARCH_PATHS = (
					"$(inherited)",
					"@executable_path/Frameworks",
				);
				MARKETING_VERSION = 1.0;
				PRODUCT_BUNDLE_IDENTIFIER = com.medium.raralabs.AppStore;
				PRODUCT_NAME = "$(TARGET_NAME)";
				SWIFT_EMIT_LOC_STRINGS = YES;
				SWIFT_VERSION = 5.0;
				TARGETED_DEVICE_FAMILY = "1,2";
			};
			name = Debug;
		};
		D8845D1A286ED28700A2565D /* Release */ = {
			isa = XCBuildConfiguration;
			buildSettings = {
				ASSETCATALOG_COMPILER_APPICON_NAME = AppIcon;
				ASSETCATALOG_COMPILER_GLOBAL_ACCENT_COLOR_NAME = AccentColor;
				CODE_SIGN_STYLE = Automatic;
				CURRENT_PROJECT_VERSION = 1;
				DEVELOPMENT_TEAM = UBA9LZ8GVL;
				GENERATE_INFOPLIST_FILE = YES;
				INFOPLIST_FILE = AppStore/Info.plist;
				INFOPLIST_KEY_UIApplicationSupportsIndirectInputEvents = YES;
				INFOPLIST_KEY_UILaunchStoryboardName = LaunchScreen;
				INFOPLIST_KEY_UISupportedInterfaceOrientations_iPad = "UIInterfaceOrientationPortrait UIInterfaceOrientationPortraitUpsideDown UIInterfaceOrientationLandscapeLeft UIInterfaceOrientationLandscapeRight";
				INFOPLIST_KEY_UISupportedInterfaceOrientations_iPhone = "UIInterfaceOrientationPortrait UIInterfaceOrientationLandscapeLeft UIInterfaceOrientationLandscapeRight";
				IPHONEOS_DEPLOYMENT_TARGET = 13.0;
				LD_RUNPATH_SEARCH_PATHS = (
					"$(inherited)",
					"@executable_path/Frameworks",
				);
				MARKETING_VERSION = 1.0;
				PRODUCT_BUNDLE_IDENTIFIER = com.medium.raralabs.AppStore;
				PRODUCT_NAME = "$(TARGET_NAME)";
				SWIFT_EMIT_LOC_STRINGS = YES;
				SWIFT_VERSION = 5.0;
				TARGETED_DEVICE_FAMILY = "1,2";
			};
			name = Release;
		};
/* End XCBuildConfiguration section */

/* Begin XCConfigurationList section */
		D8845CFF286ED28300A2565D /* Build configuration list for PBXProject "AppStore" */ = {
			isa = XCConfigurationList;
			buildConfigurations = (
				D8845D16286ED28700A2565D /* Debug */,
				D8845D17286ED28700A2565D /* Release */,
			);
			defaultConfigurationIsVisible = 0;
			defaultConfigurationName = Release;
		};
		D8845D18286ED28700A2565D /* Build configuration list for PBXNativeTarget "AppStore" */ = {
			isa = XCConfigurationList;
			buildConfigurations = (
				D8845D19286ED28700A2565D /* Debug */,
				D8845D1A286ED28700A2565D /* Release */,
			);
			defaultConfigurationIsVisible = 0;
			defaultConfigurationName = Release;
		};
/* End XCConfigurationList section */

/* Begin XCRemoteSwiftPackageReference section */
		D8845D1B286ED3DB00A2565D /* XCRemoteSwiftPackageReference "SnapKit" */ = {
			isa = XCRemoteSwiftPackageReference;
			repositoryURL = "https://github.com/SnapKit/SnapKit.git";
			requirement = {
				branch = develop;
				kind = branch;
			};
		};
		D8845D1E286ED3EB00A2565D /* XCRemoteSwiftPackageReference "Kingfisher" */ = {
			isa = XCRemoteSwiftPackageReference;
			repositoryURL = "https://github.com/onevcat/Kingfisher.git";
			requirement = {
				branch = master;
				kind = branch;
			};
		};
/* End XCRemoteSwiftPackageReference section */

/* Begin XCSwiftPackageProductDependency section */
		D8845D1C286ED3DB00A2565D /* SnapKit */ = {
			isa = XCSwiftPackageProductDependency;
			package = D8845D1B286ED3DB00A2565D /* XCRemoteSwiftPackageReference "SnapKit" */;
			productName = SnapKit;
		};
		D8845D1F286ED3EB00A2565D /* Kingfisher */ = {
			isa = XCSwiftPackageProductDependency;
			package = D8845D1E286ED3EB00A2565D /* XCRemoteSwiftPackageReference "Kingfisher" */;
			productName = Kingfisher;
		};
/* End XCSwiftPackageProductDependency section */
	};
	rootObject = D8845CFC286ED28300A2565D /* Project object */;
}
